
Microsoft Visual Studio Solution File, Format Version 12.00
# Visual Studio Version 16
VisualStudioVersion = 16.0.31205.134
MinimumVisualStudioVersion = 10.0.40219.1
Project("{FAE04EC0-301F-11D3-BF4B-00C04F79EFBC}") = "Proyecto Carpinteria", "Proyecto Carpinteria.csproj", "{4E37031E-1464-480C-BF95-BB8D44793997}"
EndProject
Global
	GlobalSection(SolutionConfigurationPlatforms) = preSolution
		Debug|Any CPU = Debug|Any CPU
		Release|Any CPU = Release|Any CPU
	EndGlobalSection
	GlobalSection(ProjectConfigurationPlatforms) = postSolution
		{4E37031E-1464-480C-BF95-BB8D44793997}.Debug|Any CPU.ActiveCfg = Debug|Any CPU
		{4E37031E-1464-480C-BF95-BB8D44793997}.Debug|Any CPU.Build.0 = Debug|Any CPU
		{4E37031E-1464-480C-BF95-BB8D44793997}.Release|Any CPU.ActiveCfg = Release|Any CPU
		{4E37031E-1464-480C-BF95-BB8D44793997}.Release|Any CPU.Build.0 = Release|Any CPU
	EndGlobalSection
	GlobalSection(SolutionProperties) = preSolution
		HideSolutionNode = FALSE
	EndGlobalSection
	GlobalSection(ExtensibilityGlobals) = postSolution
		SolutionGuid = {312C5243-7E2F-4240-890F-2B3B791692DC}
	EndGlobalSection
EndGlobal
